
Microsoft Visual Studio Solution File, Format Version 12.00
# Visual Studio Version 16
VisualStudioVersion = 16.0.31702.278
MinimumVisualStudioVersion = 10.0.40219.1
Project("{9A19103F-16F7-4668-BE54-9A1E7A4F7556}") = "InstrumentStore", "InstrumentStore\InstrumentStore.csproj", "{C44EAA0B-A6DB-487B-B9EF-7E2496B7C9AE}"
EndProject
Project("{9A19103F-16F7-4668-BE54-9A1E7A4F7556}") = "DataAccessLayer", "DataAccessLayer\DataAccessLayer.csproj", "{147349F3-6B0B-4D66-B9FD-B2315BD197B0}"
EndProject
Global
	GlobalSection(SolutionConfigurationPlatforms) = preSolution
		Debug|Any CPU = Debug|Any CPU
		Release|Any CPU = Release|Any CPU
	EndGlobalSection
	GlobalSection(ProjectConfigurationPlatforms) = postSolution
		{C44EAA0B-A6DB-487B-B9EF-7E2496B7C9AE}.Debug|Any CPU.ActiveCfg = Debug|Any CPU
		{C44EAA0B-A6DB-487B-B9EF-7E2496B7C9AE}.Debug|Any CPU.Build.0 = Debug|Any CPU
		{C44EAA0B-A6DB-487B-B9EF-7E2496B7C9AE}.Release|Any CPU.ActiveCfg = Release|Any CPU
		{C44EAA0B-A6DB-487B-B9EF-7E2496B7C9AE}.Release|Any CPU.Build.0 = Release|Any CPU
		{147349F3-6B0B-4D66-B9FD-B2315BD197B0}.Debug|Any CPU.ActiveCfg = Debug|Any CPU
		{147349F3-6B0B-4D66-B9FD-B2315BD197B0}.Debug|Any CPU.Build.0 = Debug|Any CPU
		{147349F3-6B0B-4D66-B9FD-B2315BD197B0}.Release|Any CPU.ActiveCfg = Release|Any CPU
		{147349F3-6B0B-4D66-B9FD-B2315BD197B0}.Release|Any CPU.Build.0 = Release|Any CPU
	EndGlobalSection
	GlobalSection(SolutionProperties) = preSolution
		HideSolutionNode = FALSE
	EndGlobalSection
	GlobalSection(ExtensibilityGlobals) = postSolution
		SolutionGuid = {8980BF5F-9D7B-4C25-A353-C6333E00F19B}
	EndGlobalSection
EndGlobal
